
Microsoft Visual Studio Solution File, Format Version 12.00
# Visual Studio 14
VisualStudioVersion = 14.0.25420.1
MinimumVisualStudioVersion = 10.0.40219.1
Project("{FAE04EC0-301F-11D3-BF4B-00C04F79EFBC}") = "RegisterDeviceApp", "RegisterDeviceApp\RegisterDeviceApp.csproj", "{E8F0472A-7E64-459F-8054-DE82C7017D41}"
EndProject
Project("{2150E333-8FDC-42A3-9474-1A3956D46DE8}") = "1. RegisterDevice", "1. RegisterDevice", "{E549FF35-264D-41C6-BA05-5049044C999B}"
EndProject
Project("{2150E333-8FDC-42A3-9474-1A3956D46DE8}") = "2. Device to Cloud", "2. Device to Cloud", "{5B6CD4E6-90C5-40AE-8E12-1300D521E711}"
EndProject
Project("{FAE04EC0-301F-11D3-BF4B-00C04F79EFBC}") = "PiSensorApp", "PiSensorApp\PiSensorApp.csproj", "{404768ED-52DE-4D6D-ACA7-573766F59BC6}"
EndProject
Project("{2150E333-8FDC-42A3-9474-1A3956D46DE8}") = "3. Cloud to Device", "3. Cloud to Device", "{9E5E8223-8606-4925-8237-940E0BB9478C}"
EndProject
Project("{FAE04EC0-301F-11D3-BF4B-00C04F79EFBC}") = "ReceiveDataApp", "ReceiveDataApp\ReceiveDataApp.csproj", "{4CA112B2-E767-4088-B882-F7FC9E921EC2}"
EndProject
Project("{FAE04EC0-301F-11D3-BF4B-00C04F79EFBC}") = "GadgeteerDeviceApp", "GadgeteerDeviceApp\GadgeteerDeviceApp.csproj", "{89AFA5C4-AAAB-4331-89EA-C55F3C82B66A}"
EndProject
Project("{2150E333-8FDC-42A3-9474-1A3956D46DE8}") = "Helpers", "Helpers", "{C7E3ED83-DB5A-4705-8ED5-0A119E23A65F}"
EndProject
Project("{2150E333-8FDC-42A3-9474-1A3956D46DE8}") = "4. ReceiveStreamData", "4. ReceiveStreamData", "{D7EF37C4-D3DA-4489-B593-F8DF3244BF22}"
EndProject
Project("{FAE04EC0-301F-11D3-BF4B-00C04F79EFBC}") = "CommandCenterApp", "CommandCenterApp\CommandCenterApp.csproj", "{5D41D8F2-C766-44E2-8AB1-9D7614C54F29}"
EndProject
Global
	GlobalSection(SolutionConfigurationPlatforms) = preSolution
		Debug|Any CPU = Debug|Any CPU
		Debug|ARM = Debug|ARM
		Debug|x64 = Debug|x64
		Debug|x86 = Debug|x86
		Release|Any CPU = Release|Any CPU
		Release|ARM = Release|ARM
		Release|x64 = Release|x64
		Release|x86 = Release|x86
	EndGlobalSection
	GlobalSection(ProjectConfigurationPlatforms) = postSolution
		{E8F0472A-7E64-459F-8054-DE82C7017D41}.Debug|Any CPU.ActiveCfg = Debug|Any CPU
		{E8F0472A-7E64-459F-8054-DE82C7017D41}.Debug|Any CPU.Build.0 = Debug|Any CPU
		{E8F0472A-7E64-459F-8054-DE82C7017D41}.Debug|ARM.ActiveCfg = Debug|Any CPU
		{E8F0472A-7E64-459F-8054-DE82C7017D41}.Debug|ARM.Build.0 = Debug|Any CPU
		{E8F0472A-7E64-459F-8054-DE82C7017D41}.Debug|x64.ActiveCfg = Debug|Any CPU
		{E8F0472A-7E64-459F-8054-DE82C7017D41}.Debug|x64.Build.0 = Debug|Any CPU
		{E8F0472A-7E64-459F-8054-DE82C7017D41}.Debug|x86.ActiveCfg = Debug|Any CPU
		{E8F0472A-7E64-459F-8054-DE82C7017D41}.Debug|x86.Build.0 = Debug|Any CPU
		{E8F0472A-7E64-459F-8054-DE82C7017D41}.Release|Any CPU.ActiveCfg = Release|Any CPU
		{E8F0472A-7E64-459F-8054-DE82C7017D41}.Release|Any CPU.Build.0 = Release|Any CPU
		{E8F0472A-7E64-459F-8054-DE82C7017D41}.Release|ARM.ActiveCfg = Release|Any CPU
		{E8F0472A-7E64-459F-8054-DE82C7017D41}.Release|ARM.Build.0 = Release|Any CPU
		{E8F0472A-7E64-459F-8054-DE82C7017D41}.Release|x64.ActiveCfg = Release|Any CPU
		{E8F0472A-7E64-459F-8054-DE82C7017D41}.Release|x64.Build.0 = Release|Any CPU
		{E8F0472A-7E64-459F-8054-DE82C7017D41}.Release|x86.ActiveCfg = Release|Any CPU
		{E8F0472A-7E64-459F-8054-DE82C7017D41}.Release|x86.Build.0 = Release|Any CPU
		{404768ED-52DE-4D6D-ACA7-573766F59BC6}.Debug|Any CPU.ActiveCfg = Debug|x86
		{404768ED-52DE-4D6D-ACA7-573766F59BC6}.Debug|ARM.ActiveCfg = Debug|ARM
		{404768ED-52DE-4D6D-ACA7-573766F59BC6}.Debug|ARM.Build.0 = Debug|ARM
		{404768ED-52DE-4D6D-ACA7-573766F59BC6}.Debug|ARM.Deploy.0 = Debug|ARM
		{404768ED-52DE-4D6D-ACA7-573766F59BC6}.Debug|x64.ActiveCfg = Debug|x64
		{404768ED-52DE-4D6D-ACA7-573766F59BC6}.Debug|x64.Build.0 = Debug|x64
		{404768ED-52DE-4D6D-ACA7-573766F59BC6}.Debug|x64.Deploy.0 = Debug|x64
		{404768ED-52DE-4D6D-ACA7-573766F59BC6}.Debug|x86.ActiveCfg = Debug|x86
		{404768ED-52DE-4D6D-ACA7-573766F59BC6}.Debug|x86.Build.0 = Debug|x86
		{404768ED-52DE-4D6D-ACA7-573766F59BC6}.Debug|x86.Deploy.0 = Debug|x86
		{404768ED-52DE-4D6D-ACA7-573766F59BC6}.Release|Any CPU.ActiveCfg = Release|x86
		{404768ED-52DE-4D6D-ACA7-573766F59BC6}.Release|ARM.ActiveCfg = Release|ARM
		{404768ED-52DE-4D6D-ACA7-573766F59BC6}.Release|ARM.Build.0 = Release|ARM
		{404768ED-52DE-4D6D-ACA7-573766F59BC6}.Release|ARM.Deploy.0 = Release|ARM
		{404768ED-52DE-4D6D-ACA7-573766F59BC6}.Release|x64.ActiveCfg = Release|x64
		{404768ED-52DE-4D6D-ACA7-573766F59BC6}.Release|x64.Build.0 = Release|x64
		{404768ED-52DE-4D6D-ACA7-573766F59BC6}.Release|x64.Deploy.0 = Release|x64
		{404768ED-52DE-4D6D-ACA7-573766F59BC6}.Release|x86.ActiveCfg = Release|x86
		{404768ED-52DE-4D6D-ACA7-573766F59BC6}.Release|x86.Build.0 = Release|x86
		{404768ED-52DE-4D6D-ACA7-573766F59BC6}.Release|x86.Deploy.0 = Release|x86
		{4CA112B2-E767-4088-B882-F7FC9E921EC2}.Debug|Any CPU.ActiveCfg = Debug|Any CPU
		{4CA112B2-E767-4088-B882-F7FC9E921EC2}.Debug|Any CPU.Build.0 = Debug|Any CPU
		{4CA112B2-E767-4088-B882-F7FC9E921EC2}.Debug|ARM.ActiveCfg = Debug|Any CPU
		{4CA112B2-E767-4088-B882-F7FC9E921EC2}.Debug|ARM.Build.0 = Debug|Any CPU
		{4CA112B2-E767-4088-B882-F7FC9E921EC2}.Debug|x64.ActiveCfg = Debug|Any CPU
		{4CA112B2-E767-4088-B882-F7FC9E921EC2}.Debug|x64.Build.0 = Debug|Any CPU
		{4CA112B2-E767-4088-B882-F7FC9E921EC2}.Debug|x86.ActiveCfg = Debug|Any CPU
		{4CA112B2-E767-4088-B882-F7FC9E921EC2}.Debug|x86.Build.0 = Debug|Any CPU
		{4CA112B2-E767-4088-B882-F7FC9E921EC2}.Release|Any CPU.ActiveCfg = Release|Any CPU
		{4CA112B2-E767-4088-B882-F7FC9E921EC2}.Release|Any CPU.Build.0 = Release|Any CPU
		{4CA112B2-E767-4088-B882-F7FC9E921EC2}.Release|ARM.ActiveCfg = Release|Any CPU
		{4CA112B2-E767-4088-B882-F7FC9E921EC2}.Release|ARM.Build.0 = Release|Any CPU
		{4CA112B2-E767-4088-B882-F7FC9E921EC2}.Release|x64.ActiveCfg = Release|Any CPU
		{4CA112B2-E767-4088-B882-F7FC9E921EC2}.Release|x64.Build.0 = Release|Any CPU
		{4CA112B2-E767-4088-B882-F7FC9E921EC2}.Release|x86.ActiveCfg = Release|Any CPU
		{4CA112B2-E767-4088-B882-F7FC9E921EC2}.Release|x86.Build.0 = Release|Any CPU
		{89AFA5C4-AAAB-4331-89EA-C55F3C82B66A}.Debug|Any CPU.ActiveCfg = Debug|Any CPU
		{89AFA5C4-AAAB-4331-89EA-C55F3C82B66A}.Debug|Any CPU.Build.0 = Debug|Any CPU
		{89AFA5C4-AAAB-4331-89EA-C55F3C82B66A}.Debug|Any CPU.Deploy.0 = Debug|Any CPU
		{89AFA5C4-AAAB-4331-89EA-C55F3C82B66A}.Debug|ARM.ActiveCfg = Debug|Any CPU
		{89AFA5C4-AAAB-4331-89EA-C55F3C82B66A}.Debug|ARM.Build.0 = Debug|Any CPU
		{89AFA5C4-AAAB-4331-89EA-C55F3C82B66A}.Debug|ARM.Deploy.0 = Debug|Any CPU
		{89AFA5C4-AAAB-4331-89EA-C55F3C82B66A}.Debug|x64.ActiveCfg = Debug|Any CPU
		{89AFA5C4-AAAB-4331-89EA-C55F3C82B66A}.Debug|x64.Build.0 = Debug|Any CPU
		{89AFA5C4-AAAB-4331-89EA-C55F3C82B66A}.Debug|x64.Deploy.0 = Debug|Any CPU
		{89AFA5C4-AAAB-4331-89EA-C55F3C82B66A}.Debug|x86.ActiveCfg = Debug|Any CPU
		{89AFA5C4-AAAB-4331-89EA-C55F3C82B66A}.Debug|x86.Build.0 = Debug|Any CPU
		{89AFA5C4-AAAB-4331-89EA-C55F3C82B66A}.Debug|x86.Deploy.0 = Debug|Any CPU
		{89AFA5C4-AAAB-4331-89EA-C55F3C82B66A}.Release|Any CPU.ActiveCfg = Release|Any CPU
		{89AFA5C4-AAAB-4331-89EA-C55F3C82B66A}.Release|Any CPU.Build.0 = Release|Any CPU
		{89AFA5C4-AAAB-4331-89EA-C55F3C82B66A}.Release|Any CPU.Deploy.0 = Release|Any CPU
		{89AFA5C4-AAAB-4331-89EA-C55F3C82B66A}.Release|ARM.ActiveCfg = Release|Any CPU
		{89AFA5C4-AAAB-4331-89EA-C55F3C82B66A}.Release|ARM.Build.0 = Release|Any CPU
		{89AFA5C4-AAAB-4331-89EA-C55F3C82B66A}.Release|ARM.Deploy.0 = Release|Any CPU
		{89AFA5C4-AAAB-4331-89EA-C55F3C82B66A}.Release|x64.ActiveCfg = Release|Any CPU
		{89AFA5C4-AAAB-4331-89EA-C55F3C82B66A}.Release|x64.Build.0 = Release|Any CPU
		{89AFA5C4-AAAB-4331-89EA-C55F3C82B66A}.Release|x64.Deploy.0 = Release|Any CPU
		{89AFA5C4-AAAB-4331-89EA-C55F3C82B66A}.Release|x86.ActiveCfg = Release|Any CPU
		{89AFA5C4-AAAB-4331-89EA-C55F3C82B66A}.Release|x86.Build.0 = Release|Any CPU
		{89AFA5C4-AAAB-4331-89EA-C55F3C82B66A}.Release|x86.Deploy.0 = Release|Any CPU
		{5D41D8F2-C766-44E2-8AB1-9D7614C54F29}.Debug|Any CPU.ActiveCfg = Debug|x86
		{5D41D8F2-C766-44E2-8AB1-9D7614C54F29}.Debug|ARM.ActiveCfg = Debug|ARM
		{5D41D8F2-C766-44E2-8AB1-9D7614C54F29}.Debug|ARM.Build.0 = Debug|ARM
		{5D41D8F2-C766-44E2-8AB1-9D7614C54F29}.Debug|ARM.Deploy.0 = Debug|ARM
		{5D41D8F2-C766-44E2-8AB1-9D7614C54F29}.Debug|x64.ActiveCfg = Debug|x64
		{5D41D8F2-C766-44E2-8AB1-9D7614C54F29}.Debug|x64.Build.0 = Debug|x64
		{5D41D8F2-C766-44E2-8AB1-9D7614C54F29}.Debug|x64.Deploy.0 = Debug|x64
		{5D41D8F2-C766-44E2-8AB1-9D7614C54F29}.Debug|x86.ActiveCfg = Debug|x86
		{5D41D8F2-C766-44E2-8AB1-9D7614C54F29}.Debug|x86.Build.0 = Debug|x86
		{5D41D8F2-C766-44E2-8AB1-9D7614C54F29}.Debug|x86.Deploy.0 = Debug|x86
		{5D41D8F2-C766-44E2-8AB1-9D7614C54F29}.Release|Any CPU.ActiveCfg = Release|x86
		{5D41D8F2-C766-44E2-8AB1-9D7614C54F29}.Release|ARM.ActiveCfg = Release|ARM
		{5D41D8F2-C766-44E2-8AB1-9D7614C54F29}.Release|ARM.Build.0 = Release|ARM
		{5D41D8F2-C766-44E2-8AB1-9D7614C54F29}.Release|ARM.Deploy.0 = Release|ARM
		{5D41D8F2-C766-44E2-8AB1-9D7614C54F29}.Release|x64.ActiveCfg = Release|x64
		{5D41D8F2-C766-44E2-8AB1-9D7614C54F29}.Release|x64.Build.0 = Release|x64
		{5D41D8F2-C766-44E2-8AB1-9D7614C54F29}.Release|x64.Deploy.0 = Release|x64
		{5D41D8F2-C766-44E2-8AB1-9D7614C54F29}.Release|x86.ActiveCfg = Release|x86
		{5D41D8F2-C766-44E2-8AB1-9D7614C54F29}.Release|x86.Build.0 = Release|x86
		{5D41D8F2-C766-44E2-8AB1-9D7614C54F29}.Release|x86.Deploy.0 = Release|x86
	EndGlobalSection
	GlobalSection(SolutionProperties) = preSolution
		HideSolutionNode = FALSE
	EndGlobalSection
	GlobalSection(NestedProjects) = preSolution
		{E8F0472A-7E64-459F-8054-DE82C7017D41} = {E549FF35-264D-41C6-BA05-5049044C999B}
		{404768ED-52DE-4D6D-ACA7-573766F59BC6} = {5B6CD4E6-90C5-40AE-8E12-1300D521E711}
		{4CA112B2-E767-4088-B882-F7FC9E921EC2} = {D7EF37C4-D3DA-4489-B593-F8DF3244BF22}
		{89AFA5C4-AAAB-4331-89EA-C55F3C82B66A} = {5B6CD4E6-90C5-40AE-8E12-1300D521E711}
		{5D41D8F2-C766-44E2-8AB1-9D7614C54F29} = {9E5E8223-8606-4925-8237-940E0BB9478C}
	EndGlobalSection
EndGlobal
